PODS:
  - Alamofire (4.0.0)

DEPENDENCIES:
  - Alamofire (from `https://github.com/Alamofire/Alamofire.git`, branch `master`)

EXTERNAL SOURCES:
  Alamofire:
    :branch: master
    :git: https://github.com/Alamofire/Alamofire.git

CHECKOUT OPTIONS:
  Alamofire:
    :commit: 8ac0e19fe0d4debcfb6f394c012db99caaf741c9
    :git: https://github.com/Alamofire/Alamofire.git

SPEC CHECKSUMS:
  Alamofire: fef59f00388f267e52d9b432aa5d93dc97190f14

PODFILE CHECKSUM: c72e7abb9ddb4f4cd90bbdbfe03606573fcbe21a

COCOAPODS: 1.0.1
