// !$*UTF8*$!
{
	archiveVersion = 1;
	classes = {
	};
	objectVersion = 46;
	objects = {

/* Begin PBXBuildFile section */
		47AA0F6774B1C959E2A89D97 /* Pods_Cloudy.framework in Frameworks */ = {isa = PBXBuildFile; fileRef = 43E4887B3DF81A5B47839BB5 /* Pods_Cloudy.framework */; };
		790B63791D88392E0070EEB7 /* AppDelegate.swift in Sources */ = {isa = PBXBuildFile; fileRef = 790B63781D88392E0070EEB7 /* AppDelegate.swift */; };
		790B637B1D88392E0070EEB7 /* WeatherViewController.swift in Sources */ = {isa = PBXBuildFile; fileRef = 790B637A1D88392E0070EEB7 /* WeatherViewController.swift */; };
		790B637E1D88392E0070EEB7 /* Main.storyboard in Resources */ = {isa = PBXBuildFile; fileRef = 790B637C1D88392E0070EEB7 /* Main.storyboard */; };
		790B63801D88392E0070EEB7 /* Assets.xcassets in Resources */ = {isa = PBXBuildFile; fileRef = 790B637F1D88392E0070EEB7 /* Assets.xcassets */; };
		790B63831D88392E0070EEB7 /* LaunchScreen.storyboard in Resources */ = {isa = PBXBuildFile; fileRef = 790B63811D88392E0070EEB7 /* LaunchScreen.storyboard */; };
		790B638F1D884C000070EEB7 /* Constants.swift in Sources */ = {isa = PBXBuildFile; fileRef = 790B638E1D884C000070EEB7 /* Constants.swift */; };
		790B63911D884DCD0070EEB7 /* CurrentWeather.swift in Sources */ = {isa = PBXBuildFile; fileRef = 790B63901D884DCD0070EEB7 /* CurrentWeather.swift */; };
		790B63931D885AE00070EEB7 /* Forecast.swift in Sources */ = {isa = PBXBuildFile; fileRef = 790B63921D885AE00070EEB7 /* Forecast.swift */; };
		790B63951D8862330070EEB7 /* WeatherTableViewCell.swift in Sources */ = {isa = PBXBuildFile; fileRef = 790B63941D8862330070EEB7 /* WeatherTableViewCell.swift */; };
		790B63971D8866C30070EEB7 /* Location.swift in Sources */ = {isa = PBXBuildFile; fileRef = 790B63961D8866C30070EEB7 /* Location.swift */; };
/* End PBXBuildFile section */

/* Begin PBXFileReference section */
		43E4887B3DF81A5B47839BB5 /* Pods_Cloudy.framework */ = {isa = PBXFileReference; explicitFileType = wrapper.framework; includeInIndex = 0; path = Pods_Cloudy.framework; sourceTree = BUILT_PRODUCTS_DIR; };
		790B63751D88392E0070EEB7 /* Cloudy.app */ = {isa = PBXFileReference; explicitFileType = wrapper.application; includeInIndex = 0; path = Cloudy.app; sourceTree = BUILT_PRODUCTS_DIR; };
		790B63781D88392E0070EEB7 /* AppDelegate.swift */ = {isa = PBXFileReference; lastKnownFileType = sourcecode.swift; path = AppDelegate.swift; sourceTree = "<group>"; };
		790B637A1D88392E0070EEB7 /* WeatherViewController.swift */ = {isa = PBXFileReference; lastKnownFileType = sourcecode.swift; path = WeatherViewController.swift; sourceTree = "<group>"; };
		790B637D1D88392E0070EEB7 /* Base */ = {isa = PBXFileReference; lastKnownFileType = file.storyboard; name = Base; path = Base.lproj/Main.storyboard; sourceTree = "<group>"; };
		790B637F1D88392E0070EEB7 /* Assets.xcassets */ = {isa = PBXFileReference; lastKnownFileType = folder.assetcatalog; path = Assets.xcassets; sourceTree = "<group>"; };
		790B63821D88392E0070EEB7 /* Base */ = {isa = PBXFileReference; lastKnownFileType = file.storyboard; name = Base; path = Base.lproj/LaunchScreen.storyboard; sourceTree = "<group>"; };
		790B63841D88392E0070EEB7 /* Info.plist */ = {isa = PBXFileReference; lastKnownFileType = text.plist.xml; path = Info.plist; sourceTree = "<group>"; };
		790B638E1D884C000070EEB7 /* Constants.swift */ = {isa = PBXFileReference; fileEncoding = 4; lastKnownFileType = sourcecode.swift; path = Constants.swift; sourceTree = "<group>"; };
		790B63901D884DCD0070EEB7 /* CurrentWeather.swift */ = {isa = PBXFileReference; fileEncoding = 4; lastKnownFileType = sourcecode.swift; path = CurrentWeather.swift; sourceTree = "<group>"; };
		790B63921D885AE00070EEB7 /* Forecast.swift */ = {isa = PBXFileReference; fileEncoding = 4; lastKnownFileType = sourcecode.swift; path = Forecast.swift; sourceTree = "<group>"; };
		790B63941D8862330070EEB7 /* WeatherTableViewCell.swift */ = {isa = PBXFileReference; fileEncoding = 4; lastKnownFileType = sourcecode.swift; path = WeatherTableViewCell.swift; sourceTree = "<group>"; };
		790B63961D8866C30070EEB7 /* Location.swift */ = {isa = PBXFileReference; fileEncoding = 4; lastKnownFileType = sourcecode.swift; path = Location.swift; sourceTree = "<group>"; };
		94858309A77E602F074C2947 /* Pods-Cloudy.release.xcconfig */ = {isa = PBXFileReference; includeInIndex = 1; lastKnownFileType = text.xcconfig; name = "Pods-Cloudy.release.xcconfig"; path = "Pods/Target Support Files/Pods-Cloudy/Pods-Cloudy.release.xcconfig"; sourceTree = "<group>"; };
		AB1683F8A0CFD533D610BEE9 /* Pods-Cloudy.debug.xcconfig */ = {isa = PBXFileReference; includeInIndex = 1; lastKnownFileType = text.xcconfig; name = "Pods-Cloudy.debug.xcconfig"; path = "Pods/Target Support Files/Pods-Cloudy/Pods-Cloudy.debug.xcconfig"; sourceTree = "<group>"; };
/* End PBXFileReference section */

/* Begin PBXFrameworksBuildPhase section */
		790B63721D88392E0070EEB7 /* Frameworks */ = {
			isa = PBXFrameworksBuildPhase;
			buildActionMask = 2147483647;
			files = (
				47AA0F6774B1C959E2A89D97 /* Pods_Cloudy.framework in Frameworks */,
			);
			runOnlyForDeploymentPostprocessing = 0;
		};
/* End PBXFrameworksBuildPhase section */

/* Begin PBXGroup section */
		790B636C1D88392D0070EEB7 = {
			isa = PBXGroup;
			children = (
				790B63771D88392E0070EEB7 /* Cloudy */,
				790B63761D88392E0070EEB7 /* Products */,
				D8C4130EA9AACB7FC0E3A008 /* Pods */,
				8187C4907A587CE9ACAD92BA /* Frameworks */,
			);
			sourceTree = "<group>";
		};
		790B63761D88392E0070EEB7 /* Products */ = {
			isa = PBXGroup;
			children = (
				790B63751D88392E0070EEB7 /* Cloudy.app */,
			);
			name = Products;
			sourceTree = "<group>";
		};
		790B63771D88392E0070EEB7 /* Cloudy */ = {
			isa = PBXGroup;
			children = (
				790B638C1D884BCE0070EEB7 /* View */,
				790B638B1D884BCA0070EEB7 /* Model */,
				790B638A1D884BC20070EEB7 /* Controller */,
				790B638D1D884BDB0070EEB7 /* Supporting */,
			);
			path = Cloudy;
			sourceTree = "<group>";
		};
		790B638A1D884BC20070EEB7 /* Controller */ = {
			isa = PBXGroup;
			children = (
				790B637A1D88392E0070EEB7 /* WeatherViewController.swift */,
			);
			name = Controller;
			sourceTree = "<group>";
		};
		790B638B1D884BCA0070EEB7 /* Model */ = {
			isa = PBXGroup;
			children = (
				790B63901D884DCD0070EEB7 /* CurrentWeather.swift */,
				790B63921D885AE00070EEB7 /* Forecast.swift */,
				790B63961D8866C30070EEB7 /* Location.swift */,
			);
			name = Model;
			sourceTree = "<group>";
		};
		790B638C1D884BCE0070EEB7 /* View */ = {
			isa = PBXGroup;
			children = (
				790B637C1D88392E0070EEB7 /* Main.storyboard */,
				790B63941D8862330070EEB7 /* WeatherTableViewCell.swift */,
			);
			name = View;
			sourceTree = "<group>";
		};
		790B638D1D884BDB0070EEB7 /* Supporting */ = {
			isa = PBXGroup;
			children = (
				790B638E1D884C000070EEB7 /* Constants.swift */,
				790B63781D88392E0070EEB7 /* AppDelegate.swift */,
				790B637F1D88392E0070EEB7 /* Assets.xcassets */,
				790B63811D88392E0070EEB7 /* LaunchScreen.storyboard */,
				790B63841D88392E0070EEB7 /* Info.plist */,
			);
			name = Supporting;
			sourceTree = "<group>";
		};
		8187C4907A587CE9ACAD92BA /* Frameworks */ = {
			isa = PBXGroup;
			children = (
				43E4887B3DF81A5B47839BB5 /* Pods_Cloudy.framework */,
			);
			name = Frameworks;
			sourceTree = "<group>";
		};
		D8C4130EA9AACB7FC0E3A008 /* Pods */ = {
			isa = PBXGroup;
			children = (
				AB1683F8A0CFD533D610BEE9 /* Pods-Cloudy.debug.xcconfig */,
				94858309A77E602F074C2947 /* Pods-Cloudy.release.xcconfig */,
			);
			name = Pods;
			sourceTree = "<group>";
		};
/* End PBXGroup section */

/* Begin PBXNativeTarget section */
		790B63741D88392E0070EEB7 /* Cloudy */ = {
			isa = PBXNativeTarget;
			buildConfigurationList = 790B63871D88392E0070EEB7 /* Build configuration list for PBXNativeTarget "Cloudy" */;
			buildPhases = (
				C5D0E7746FA45D7037BCF0B5 /* [CP] Check Pods Manifest.lock */,
				790B63711D88392E0070EEB7 /* Sources */,
				790B63721D88392E0070EEB7 /* Frameworks */,
				790B63731D88392E0070EEB7 /* Resources */,
				0D9B8831BDA31DEE9F7E3B7F /* [CP] Embed Pods Frameworks */,
				22C70F12C6A1A072AE4B0C93 /* [CP] Copy Pods Resources */,
			);
			buildRules = (
			);
			dependencies = (
			);
			name = Cloudy;
			productName = Cloudy;
			productReference = 790B63751D88392E0070EEB7 /* Cloudy.app */;
			productType = "com.apple.product-type.application";
		};
/* End PBXNativeTarget section */

/* Begin PBXProject section */
		790B636D1D88392D0070EEB7 /* Project object */ = {
			isa = PBXProject;
			attributes = {
				LastSwiftUpdateCheck = 0800;
				LastUpgradeCheck = 0800;
				ORGANIZATIONNAME = "Ethan Thomas";
				TargetAttributes = {
					790B63741D88392E0070EEB7 = {
						CreatedOnToolsVersion = 8.0;
						DevelopmentTeam = 5SBW7AT5HT;
						ProvisioningStyle = Automatic;
					};
				};
			};
			buildConfigurationList = 790B63701D88392D0070EEB7 /* Build configuration list for PBXProject "Cloudy" */;
			compatibilityVersion = "Xcode 3.2";
			developmentRegion = English;
			hasScannedForEncodings = 0;
			knownRegions = (
				en,
				Base,
			);
			mainGroup = 790B636C1D88392D0070EEB7;
			productRefGroup = 790B63761D88392E0070EEB7 /* Products */;
			projectDirPath = "";
			projectRoot = "";
			targets = (
				790B63741D88392E0070EEB7 /* Cloudy */,
			);
		};
/* End PBXProject section */

/* Begin PBXResourcesBuildPhase section */
		790B63731D88392E0070EEB7 /* Resources */ = {
			isa = PBXResourcesBuildPhase;
			buildActionMask = 2147483647;
			files = (
				790B63831D88392E0070EEB7 /* LaunchScreen.storyboard in Resources */,
				790B63801D88392E0070EEB7 /* Assets.xcassets in Resources */,
				790B637E1D88392E0070EEB7 /* Main.storyboard in Resources */,
			);
			runOnlyForDeploymentPostprocessing = 0;
		};
/* End PBXResourcesBuildPhase section */

/* Begin PBXShellScriptBuildPhase section */
		0D9B8831BDA31DEE9F7E3B7F /* [CP] Embed Pods Frameworks */ = {
			isa = PBXShellScriptBuildPhase;
			buildActionMask = 2147483647;
			files = (
			);
			inputPaths = (
			);
			name = "[CP] Embed Pods Frameworks";
			outputPaths = (
			);
			runOnlyForDeploymentPostprocessing = 0;
			shellPath = /bin/sh;
			shellScript = "\"${SRCROOT}/Pods/Target Support Files/Pods-Cloudy/Pods-Cloudy-frameworks.sh\"\n";
			showEnvVarsInLog = 0;
		};
		22C70F12C6A1A072AE4B0C93 /* [CP] Copy Pods Resources */ = {
			isa = PBXShellScriptBuildPhase;
			buildActionMask = 2147483647;
			files = (
			);
			inputPaths = (
			);
			name = "[CP] Copy Pods Resources";
			outputPaths = (
			);
			runOnlyForDeploymentPostprocessing = 0;
			shellPath = /bin/sh;
			shellScript = "\"${SRCROOT}/Pods/Target Support Files/Pods-Cloudy/Pods-Cloudy-resources.sh\"\n";
			showEnvVarsInLog = 0;
		};
		C5D0E7746FA45D7037BCF0B5 /* [CP] Check Pods Manifest.lock */ = {
			isa = PBXShellScriptBuildPhase;
			buildActionMask = 2147483647;
			files = (
			);
			inputPaths = (
			);
			name = "[CP] Check Pods Manifest.lock";
			outputPaths = (
			);
			runOnlyForDeploymentPostprocessing = 0;
			shellPath = /bin/sh;
			shellScript = "diff \"${PODS_ROOT}/../Podfile.lock\" \"${PODS_ROOT}/Manifest.lock\" > /dev/null\nif [[ $? != 0 ]] ; then\n    cat << EOM\nerror: The sandbox is not in sync with the Podfile.lock. Run 'pod install' or update your CocoaPods installation.\nEOM\n    exit 1\nfi\n";
			showEnvVarsInLog = 0;
		};
/* End PBXShellScriptBuildPhase section */

/* Begin PBXSourcesBuildPhase section */
		790B63711D88392E0070EEB7 /* Sources */ = {
			isa = PBXSourcesBuildPhase;
			buildActionMask = 2147483647;
			files = (
				790B63951D8862330070EEB7 /* WeatherTableViewCell.swift in Sources */,
				790B637B1D88392E0070EEB7 /* WeatherViewController.swift in Sources */,
				790B63791D88392E0070EEB7 /* AppDelegate.swift in Sources */,
				790B63911D884DCD0070EEB7 /* CurrentWeather.swift in Sources */,
				790B638F1D884C000070EEB7 /* Constants.swift in Sources */,
				790B63931D885AE00070EEB7 /* Forecast.swift in Sources */,
				790B63971D8866C30070EEB7 /* Location.swift in Sources */,
			);
			runOnlyForDeploymentPostprocessing = 0;
		};
/* End PBXSourcesBuildPhase section */

/* Begin PBXVariantGroup section */
		790B637C1D88392E0070EEB7 /* Main.storyboard */ = {
			isa = PBXVariantGroup;
			children = (
				790B637D1D88392E0070EEB7 /* Base */,
			);
			name = Main.storyboard;
			sourceTree = "<group>";
		};
		790B63811D88392E0070EEB7 /* LaunchScreen.storyboard */ = {
			isa = PBXVariantGroup;
			children = (
				790B63821D88392E0070EEB7 /* Base */,
			);
			name = LaunchScreen.storyboard;
			sourceTree = "<group>";
		};
/* End PBXVariantGroup section */

/* Begin XCBuildConfiguration section */
		790B63851D88392E0070EEB7 /* Debug */ = {
			isa = XCBuildConfiguration;
			buildSettings = {
				ALWAYS_SEARCH_USER_PATHS = NO;
				CLANG_ANALYZER_NONNULL = YES;
				CLANG_CXX_LANGUAGE_STANDARD = "gnu++0x";
				CLANG_CXX_LIBRARY = "libc++";
				CLANG_ENABLE_MODULES = YES;
				CLANG_ENABLE_OBJC_ARC = YES;
				CLANG_WARN_BOOL_CONVERSION = YES;
				CLANG_WARN_CONSTANT_CONVERSION = YES;
				CLANG_WARN_DIRECT_OBJC_ISA_USAGE = YES_ERROR;
				CLANG_WARN_DOCUMENTATION_COMMENTS = YES;
				CLANG_WARN_EMPTY_BODY = YES;
				CLANG_WARN_ENUM_CONVERSION = YES;
				CLANG_WARN_INFINITE_RECURSION = YES;
				CLANG_WARN_INT_CONVERSION = YES;
				CLANG_WARN_OBJC_ROOT_CLASS = YES_ERROR;
				CLANG_WARN_SUSPICIOUS_MOVE = YES;
				CLANG_WARN_SUSPICIOUS_MOVES = YES;
				CLANG_WARN_UNREACHABLE_CODE = YES;
				CLANG_WARN__DUPLICATE_METHOD_MATCH = YES;
				"CODE_SIGN_IDENTITY[sdk=iphoneos*]" = "iPhone Developer";
				COPY_PHASE_STRIP = NO;
				DEBUG_INFORMATION_FORMAT = dwarf;
				ENABLE_STRICT_OBJC_MSGSEND = YES;
				ENABLE_TESTABILITY = YES;
				GCC_C_LANGUAGE_STANDARD = gnu99;
				GCC_DYNAMIC_NO_PIC = NO;
				GCC_NO_COMMON_BLOCKS = YES;
				GCC_OPTIMIZATION_LEVEL = 0;
				GCC_PREPROCESSOR_DEFINITIONS = (
					"DEBUG=1",
					"$(inherited)",
				);
				GCC_WARN_64_TO_32_BIT_CONVERSION = YES;
				GCC_WARN_ABOUT_RETURN_TYPE = YES_ERROR;
				GCC_WARN_UNDECLARED_SELECTOR = YES;
				GCC_WARN_UNINITIALIZED_AUTOS = YES_AGGRESSIVE;
				GCC_WARN_UNUSED_FUNCTION = YES;
				GCC_WARN_UNUSED_VARIABLE = YES;
				IPHONEOS_DEPLOYMENT_TARGET = 10.0;
				MTL_ENABLE_DEBUG_INFO = YES;
				ONLY_ACTIVE_ARCH = YES;
				SDKROOT = iphoneos;
				SWIFT_ACTIVE_COMPILATION_CONDITIONS = DEBUG;
				SWIFT_OPTIMIZATION_LEVEL = "-Onone";
				TARGETED_DEVICE_FAMILY = "1,2";
			};
			name = Debug;
		};
		790B63861D88392E0070EEB7 /* Release */ = {
			isa = XCBuildConfiguration;
			buildSettings = {
				ALWAYS_SEARCH_USER_PATHS = NO;
				CLANG_ANALYZER_NONNULL = YES;
				CLANG_CXX_LANGUAGE_STANDARD = "gnu++0x";
				CLANG_CXX_LIBRARY = "libc++";
				CLANG_ENABLE_MODULES = YES;
				CLANG_ENABLE_OBJC_ARC = YES;
				CLANG_WARN_BOOL_CONVERSION = YES;
				CLANG_WARN_CONSTANT_CONVERSION = YES;
				CLANG_WARN_DIRECT_OBJC_ISA_USAGE = YES_ERROR;
				CLANG_WARN_DOCUMENTATION_COMMENTS = YES;
				CLANG_WARN_EMPTY_BODY = YES;
				CLANG_WARN_ENUM_CONVERSION = YES;
				CLANG_WARN_INFINITE_RECURSION = YES;
				CLANG_WARN_INT_CONVERSION = YES;
				CLANG_WARN_OBJC_ROOT_CLASS = YES_ERROR;
				CLANG_WARN_SUSPICIOUS_MOVE = YES;
				CLANG_WARN_SUSPICIOUS_MOVES = YES;
				CLANG_WARN_UNREACHABLE_CODE = YES;
				CLANG_WARN__DUPLICATE_METHOD_MATCH = YES;
				"CODE_SIGN_IDENTITY[sdk=iphoneos*]" = "iPhone Developer";
				COPY_PHASE_STRIP = NO;
				DEBUG_INFORMATION_FORMAT = "dwarf-with-dsym";
				ENABLE_NS_ASSERTIONS = NO;
				ENABLE_STRICT_OBJC_MSGSEND = YES;
				GCC_C_LANGUAGE_STANDARD = gnu99;
				GCC_NO_COMMON_BLOCKS = YES;
				GCC_WARN_64_TO_32_BIT_CONVERSION = YES;
				GCC_WARN_ABOUT_RETURN_TYPE = YES_ERROR;
				GCC_WARN_UNDECLARED_SELECTOR = YES;
				GCC_WARN_UNINITIALIZED_AUTOS = YES_AGGRESSIVE;
				GCC_WARN_UNUSED_FUNCTION = YES;
				GCC_WARN_UNUSED_VARIABLE = YES;
				IPHONEOS_DEPLOYMENT_TARGET = 10.0;
				MTL_ENABLE_DEBUG_INFO = NO;
				SDKROOT = iphoneos;
				SWIFT_OPTIMIZATION_LEVEL = "-Owholemodule";
				TARGETED_DEVICE_FAMILY = "1,2";
				VALIDATE_PRODUCT = YES;
			};
			name = Release;
		};
		790B63881D88392E0070EEB7 /* Debug */ = {
			isa = XCBuildConfiguration;
			baseConfigurationReference = AB1683F8A0CFD533D610BEE9 /* Pods-Cloudy.debug.xcconfig */;
			buildSettings = {
				ALWAYS_EMBED_SWIFT_STANDARD_LIBRARIES = YES;
				ASSETCATALOG_COMPILER_APPICON_NAME = AppIcon;
				DEVELOPMENT_TEAM = 5SBW7AT5HT;
				INFOPLIST_FILE = Cloudy/Info.plist;
				LD_RUNPATH_SEARCH_PATHS = "$(inherited) @executable_path/Frameworks";
				PRODUCT_BUNDLE_IDENTIFIER = io.Cloudy;
				PRODUCT_NAME = "$(TARGET_NAME)";
				SWIFT_VERSION = 3.0;
			};
			name = Debug;
		};
		790B63891D88392E0070EEB7 /* Release */ = {
			isa = XCBuildConfiguration;
			baseConfigurationReference = 94858309A77E602F074C2947 /* Pods-Cloudy.release.xcconfig */;
			buildSettings = {
				ALWAYS_EMBED_SWIFT_STANDARD_LIBRARIES = YES;
				ASSETCATALOG_COMPILER_APPICON_NAME = AppIcon;
				DEVELOPMENT_TEAM = 5SBW7AT5HT;
				INFOPLIST_FILE = Cloudy/Info.plist;
				LD_RUNPATH_SEARCH_PATHS = "$(inherited) @executable_path/Frameworks";
				PRODUCT_BUNDLE_IDENTIFIER = io.Cloudy;
				PRODUCT_NAME = "$(TARGET_NAME)";
				SWIFT_VERSION = 3.0;
			};
			name = Release;
		};
/* End XCBuildConfiguration section */

/* Begin XCConfigurationList section */
		790B63701D88392D0070EEB7 /* Build configuration list for PBXProject "Cloudy" */ = {
			isa = XCConfigurationList;
			buildConfigurations = (
				790B63851D88392E0070EEB7 /* Debug */,
				790B63861D88392E0070EEB7 /* Release */,
			);
			defaultConfigurationIsVisible = 0;
			defaultConfigurationName = Release;
		};
		790B63871D88392E0070EEB7 /* Build configuration list for PBXNativeTarget "Cloudy" */ = {
			isa = XCConfigurationList;
			buildConfigurations = (
				790B63881D88392E0070EEB7 /* Debug */,
				790B63891D88392E0070EEB7 /* Release */,
			);
			defaultConfigurationIsVisible = 0;
			defaultConfigurationName = Release;
		};
/* End XCConfigurationList section */
	};
	rootObject = 790B636D1D88392D0070EEB7 /* Project object */;
}
